{
  "name": "yassine",
  "lockfileVersion": 3,
  "requires": true,
  "packages": {
    "": {
      "dependencies": {
        "@expo-google-fonts/plus-jakarta-sans": "^0.4.2",
        "@expo-google-fonts/work-sans": "^0.4.2",
        "expo-linear-gradient": "^55.0.11"
      }
    },
    "node_modules/@expo-google-fonts/plus-jakarta-sans": {
      "version": "0.4.2",
      "resolved": "https://registry.npmjs.org/@expo-google-fonts/plus-jakarta-sans/-/plus-jakarta-sans-0.4.2.tgz",
      "integrity": "sha512-6LYVmVGwjQvH+uzzWlVc9+oMj4lkNQ41aymVDjO+x8aFk8kCye20wOyLomYMZaMezA++Uf1mZRCw3W3Fy/hxEA==",
      "license": "MIT AND OFL-1.1"
    },
    "node_modules/@expo-google-fonts/work-sans": {
      "version": "0.4.2",
      "resolved": "https://registry.npmjs.org/@expo-google-fonts/work-sans/-/work-sans-0.4.2.tgz",
      "integrity": "sha512-v+I8jQgoOAmI77v1V0EXvgKA4NGg8Agy2BCHAI6sswAKTub2sKsi6PXT4vLBn95dbbTqelSlcT79YRDTlCBrRg==",
      "license": "MIT AND OFL-1.1"
    },
    "node_modules/expo-linear-gradient": {
      "version": "55.0.11",
      "resolved": "https://registry.npmjs.org/expo-linear-gradient/-/expo-linear-gradient-55.0.11.tgz",
      "integrity": "sha512-lBGFK2mZuuu5pUfLajAPJiwbWfTvWuCHGxbkLgxlc6csGxuJdVgYNHLdAUuG4sfF9qLTuefzD5KBqQ8UZSytxg==",
      "license": "MIT",
      "peerDependencies": {
        "expo": "*",
        "react": "*",
        "react-native": "*"
      }
    }
  }
}
